
Microsoft Visual Studio Solution File, Format Version 12.00
# Visual Studio Version 17
VisualStudioVersion = 17.0.31903.59
MinimumVisualStudioVersion = 10.0.40219.1
Project("{2150E333-8FDC-42A3-9474-1A3956D46DE8}") = "UserService", "UserService", "{5BB9AB1E-D335-4D4B-9E5F-DA250999DD19}"
EndProject
Project("{FAE04EC0-301F-11D3-BF4B-00C04F79EFBC}") = "UserService.Api", "UserService.Api\UserService.Api.csproj", "{9120A140-591D-434A-8091-7B5566730F48}"
EndProject
Project("{FAE04EC0-301F-11D3-BF4B-00C04F79EFBC}") = "UserService.Domain", "UserService.Domain\UserService.Domain.csproj", "{102AB68E-1BC3-4C53-981A-CF58C44BDA18}"
EndProject
Project("{FAE04EC0-301F-11D3-BF4B-00C04F79EFBC}") = "UserService.Infrastructure", "UserService.Infrastructure\UserService.Infrastructure.csproj", "{B53DCC54-8EC7-42D8-B098-98E8A6EFC3C2}"
EndProject
Project("{FAE04EC0-301F-11D3-BF4B-00C04F79EFBC}") = "UserService.Application", "UserService.Application\UserService.Application.csproj", "{ACE2FB49-8045-498D-BAE0-4CDBD8DD2071}"
EndProject
Project("{FAE04EC0-301F-11D3-BF4B-00C04F79EFBC}") = "UserService.Tests", "UserService.Tests\UserService.Tests.csproj", "{7C507489-8C31-4BE6-BAB3-94279064DF0B}"
EndProject
Project("{2150E333-8FDC-42A3-9474-1A3956D46DE8}") = "CompanyService", "CompanyService", "{6C84EEC1-0E8D-4F49-A4BA-6B72F62E9F41}"
EndProject
Project("{FAE04EC0-301F-11D3-BF4B-00C04F79EFBC}") = "CompanyService.Tests", "CompanyService.Tests\CompanyService.Tests.csproj", "{D5564003-7BE5-4FE9-BC4B-12961651CCAF}"
EndProject
Project("{FAE04EC0-301F-11D3-BF4B-00C04F79EFBC}") = "CompanyService.Api", "CompanyService.Api\CompanyService.Api.csproj", "{3A0DEB04-6BE1-4FE5-8CD0-9181D12693D3}"
EndProject
Project("{FAE04EC0-301F-11D3-BF4B-00C04F79EFBC}") = "CompanyService.Application", "CompanyService.Application\CompanyService.Application.csproj", "{B26076B7-F015-43B8-A939-6A2A34DA6B9F}"
EndProject
Project("{FAE04EC0-301F-11D3-BF4B-00C04F79EFBC}") = "CompanyService.Domain", "CompanyService.Domain\CompanyService.Domain.csproj", "{4633F064-071F-45E7-A9BC-C273CCE0FD36}"
EndProject
Project("{FAE04EC0-301F-11D3-BF4B-00C04F79EFBC}") = "CompanyService.Infrastructure", "CompanyService.Infrastructure\CompanyService.Infrastructure.csproj", "{D9DACFAE-0F42-4183-BB7C-42DE44B0C401}"
EndProject
Project("{2150E333-8FDC-42A3-9474-1A3956D46DE8}") = "OrderService", "OrderService", "{63859A8D-CE9A-488C-9B8C-6F39E3F551BC}"
EndProject
Project("{FAE04EC0-301F-11D3-BF4B-00C04F79EFBC}") = "OrderService.Application", "OrderService.Application\OrderService.Application.csproj", "{AA56ADEF-FBE5-4581-80A1-8EE7F2A4A22E}"
EndProject
Project("{FAE04EC0-301F-11D3-BF4B-00C04F79EFBC}") = "OrderService.Infrastructure", "OrderService.Infrastructure\OrderService.Infrastructure.csproj", "{6319FC63-36B4-45D4-BEDA-488B32470480}"
EndProject
Project("{FAE04EC0-301F-11D3-BF4B-00C04F79EFBC}") = "OrderService.Domain", "OrderService.Domain\OrderService.Domain.csproj", "{90EFCA24-0FA9-4FAA-A8B1-B19A89C29325}"
EndProject
Project("{FAE04EC0-301F-11D3-BF4B-00C04F79EFBC}") = "OrderService.Tests", "OrderService.Tests\OrderService.Tests.csproj", "{13BA615C-DBA0-48F3-B8C9-D52CC473675D}"
EndProject
Project("{FAE04EC0-301F-11D3-BF4B-00C04F79EFBC}") = "OrderService.Api", "OrderService.Api\OrderService.Api.csproj", "{5B49A991-3D08-48A2-B30D-FE9F25334ADD}"
EndProject
Project("{FAE04EC0-301F-11D3-BF4B-00C04F79EFBC}") = "Shared", "Shared\Shared.csproj", "{D86FB540-E507-4AFB-83EF-CDFC1B02B410}"
EndProject
Project("{2150E333-8FDC-42A3-9474-1A3956D46DE8}") = "LocationService", "LocationService", "{D93A9135-4EE3-4592-9436-F84223F1B8FE}"
EndProject
Project("{FAE04EC0-301F-11D3-BF4B-00C04F79EFBC}") = "LocationService.Application", "LocationService.Application\LocationService.Application.csproj", "{3DFE08B5-8269-42E8-AB33-02F3503AA09C}"
EndProject
Project("{FAE04EC0-301F-11D3-BF4B-00C04F79EFBC}") = "LocationService.Domain", "LocationService.Domain\LocationService.Domain.csproj", "{C3857949-353B-40A0-ACA1-A0D07B746A4E}"
EndProject
Project("{FAE04EC0-301F-11D3-BF4B-00C04F79EFBC}") = "LocationService.Infrastructure", "LocationService.Infrastructure\LocationService.Infrastructure.csproj", "{39AF7CBA-5C84-4A03-92A9-D4DE62EB2E7C}"
EndProject
Project("{FAE04EC0-301F-11D3-BF4B-00C04F79EFBC}") = "LocationService.Tests", "LocationService.Tests\LocationService.Tests.csproj", "{7ED6D47A-1762-4C85-B00D-D521C4E0C521}"
EndProject
Project("{FAE04EC0-301F-11D3-BF4B-00C04F79EFBC}") = "LocationService.Api", "LocationService.Api\LocationService.Api.csproj", "{641B028B-8EB1-4053-8EF7-0B7EEF980A63}"
EndProject
Project("{2150E333-8FDC-42A3-9474-1A3956D46DE8}") = "TrackingService", "TrackingService", "{FD45790D-B548-4A3E-8E86-54E030EF6D98}"
EndProject
Project("{FAE04EC0-301F-11D3-BF4B-00C04F79EFBC}") = "TrackingService.Api", "TrackingService.Api\TrackingService.Api.csproj", "{6D849B48-55E9-4F8A-855D-41D94C366EA8}"
EndProject
Project("{2150E333-8FDC-42A3-9474-1A3956D46DE8}") = "ApiGateway", "ApiGateway", "{C68F8E25-CD6F-47C6-8743-F9084738AD41}"
EndProject
Project("{FAE04EC0-301F-11D3-BF4B-00C04F79EFBC}") = "ApiGateway", "ApiGateway\ApiGateway.csproj", "{988DFC2F-F397-45BB-BD2A-606193755E3C}"
EndProject
Project("{FAE04EC0-301F-11D3-BF4B-00C04F79EFBC}") = "TrackPak.IntegrationTests", "TrackPak.IntegrationTests\TrackPak.IntegrationTests.csproj", "{AAE53FF2-1B70-44E0-BCDB-1135C05E1E5B}"
EndProject
Global
	GlobalSection(SolutionConfigurationPlatforms) = preSolution
		Debug|Any CPU = Debug|Any CPU
		Release|Any CPU = Release|Any CPU
	EndGlobalSection
	GlobalSection(SolutionProperties) = preSolution
		HideSolutionNode = FALSE
	EndGlobalSection
	GlobalSection(ProjectConfigurationPlatforms) = postSolution
		{9120A140-591D-434A-8091-7B5566730F48}.Debug|Any CPU.ActiveCfg = Debug|Any CPU
		{9120A140-591D-434A-8091-7B5566730F48}.Debug|Any CPU.Build.0 = Debug|Any CPU
		{9120A140-591D-434A-8091-7B5566730F48}.Release|Any CPU.ActiveCfg = Release|Any CPU
		{9120A140-591D-434A-8091-7B5566730F48}.Release|Any CPU.Build.0 = Release|Any CPU
		{102AB68E-1BC3-4C53-981A-CF58C44BDA18}.Debug|Any CPU.ActiveCfg = Debug|Any CPU
		{102AB68E-1BC3-4C53-981A-CF58C44BDA18}.Debug|Any CPU.Build.0 = Debug|Any CPU
		{102AB68E-1BC3-4C53-981A-CF58C44BDA18}.Release|Any CPU.ActiveCfg = Release|Any CPU
		{102AB68E-1BC3-4C53-981A-CF58C44BDA18}.Release|Any CPU.Build.0 = Release|Any CPU
		{B53DCC54-8EC7-42D8-B098-98E8A6EFC3C2}.Debug|Any CPU.ActiveCfg = Debug|Any CPU
		{B53DCC54-8EC7-42D8-B098-98E8A6EFC3C2}.Debug|Any CPU.Build.0 = Debug|Any CPU
		{B53DCC54-8EC7-42D8-B098-98E8A6EFC3C2}.Release|Any CPU.ActiveCfg = Release|Any CPU
		{B53DCC54-8EC7-42D8-B098-98E8A6EFC3C2}.Release|Any CPU.Build.0 = Release|Any CPU
		{ACE2FB49-8045-498D-BAE0-4CDBD8DD2071}.Debug|Any CPU.ActiveCfg = Debug|Any CPU
		{ACE2FB49-8045-498D-BAE0-4CDBD8DD2071}.Debug|Any CPU.Build.0 = Debug|Any CPU
		{ACE2FB49-8045-498D-BAE0-4CDBD8DD2071}.Release|Any CPU.ActiveCfg = Release|Any CPU
		{ACE2FB49-8045-498D-BAE0-4CDBD8DD2071}.Release|Any CPU.Build.0 = Release|Any CPU
		{7C507489-8C31-4BE6-BAB3-94279064DF0B}.Debug|Any CPU.ActiveCfg = Debug|Any CPU
		{7C507489-8C31-4BE6-BAB3-94279064DF0B}.Debug|Any CPU.Build.0 = Debug|Any CPU
		{7C507489-8C31-4BE6-BAB3-94279064DF0B}.Release|Any CPU.ActiveCfg = Release|Any CPU
		{7C507489-8C31-4BE6-BAB3-94279064DF0B}.Release|Any CPU.Build.0 = Release|Any CPU
		{D5564003-7BE5-4FE9-BC4B-12961651CCAF}.Debug|Any CPU.ActiveCfg = Debug|Any CPU
		{D5564003-7BE5-4FE9-BC4B-12961651CCAF}.Debug|Any CPU.Build.0 = Debug|Any CPU
		{D5564003-7BE5-4FE9-BC4B-12961651CCAF}.Release|Any CPU.ActiveCfg = Release|Any CPU
		{D5564003-7BE5-4FE9-BC4B-12961651CCAF}.Release|Any CPU.Build.0 = Release|Any CPU
		{3A0DEB04-6BE1-4FE5-8CD0-9181D12693D3}.Debug|Any CPU.ActiveCfg = Debug|Any CPU
		{3A0DEB04-6BE1-4FE5-8CD0-9181D12693D3}.Debug|Any CPU.Build.0 = Debug|Any CPU
		{3A0DEB04-6BE1-4FE5-8CD0-9181D12693D3}.Release|Any CPU.ActiveCfg = Release|Any CPU
		{3A0DEB04-6BE1-4FE5-8CD0-9181D12693D3}.Release|Any CPU.Build.0 = Release|Any CPU
		{B26076B7-F015-43B8-A939-6A2A34DA6B9F}.Debug|Any CPU.ActiveCfg = Debug|Any CPU
		{B26076B7-F015-43B8-A939-6A2A34DA6B9F}.Debug|Any CPU.Build.0 = Debug|Any CPU
		{B26076B7-F015-43B8-A939-6A2A34DA6B9F}.Release|Any CPU.ActiveCfg = Release|Any CPU
		{B26076B7-F015-43B8-A939-6A2A34DA6B9F}.Release|Any CPU.Build.0 = Release|Any CPU
		{4633F064-071F-45E7-A9BC-C273CCE0FD36}.Debug|Any CPU.ActiveCfg = Debug|Any CPU
		{4633F064-071F-45E7-A9BC-C273CCE0FD36}.Debug|Any CPU.Build.0 = Debug|Any CPU
		{4633F064-071F-45E7-A9BC-C273CCE0FD36}.Release|Any CPU.ActiveCfg = Release|Any CPU
		{4633F064-071F-45E7-A9BC-C273CCE0FD36}.Release|Any CPU.Build.0 = Release|Any CPU
		{D9DACFAE-0F42-4183-BB7C-42DE44B0C401}.Debug|Any CPU.ActiveCfg = Debug|Any CPU
		{D9DACFAE-0F42-4183-BB7C-42DE44B0C401}.Debug|Any CPU.Build.0 = Debug|Any CPU
		{D9DACFAE-0F42-4183-BB7C-42DE44B0C401}.Release|Any CPU.ActiveCfg = Release|Any CPU
		{D9DACFAE-0F42-4183-BB7C-42DE44B0C401}.Release|Any CPU.Build.0 = Release|Any CPU
		{AA56ADEF-FBE5-4581-80A1-8EE7F2A4A22E}.Debug|Any CPU.ActiveCfg = Debug|Any CPU
		{AA56ADEF-FBE5-4581-80A1-8EE7F2A4A22E}.Debug|Any CPU.Build.0 = Debug|Any CPU
		{AA56ADEF-FBE5-4581-80A1-8EE7F2A4A22E}.Release|Any CPU.ActiveCfg = Release|Any CPU
		{AA56ADEF-FBE5-4581-80A1-8EE7F2A4A22E}.Release|Any CPU.Build.0 = Release|Any CPU
		{6319FC63-36B4-45D4-BEDA-488B32470480}.Debug|Any CPU.ActiveCfg = Debug|Any CPU
		{6319FC63-36B4-45D4-BEDA-488B32470480}.Debug|Any CPU.Build.0 = Debug|Any CPU
		{6319FC63-36B4-45D4-BEDA-488B32470480}.Release|Any CPU.ActiveCfg = Release|Any CPU
		{6319FC63-36B4-45D4-BEDA-488B32470480}.Release|Any CPU.Build.0 = Release|Any CPU
		{90EFCA24-0FA9-4FAA-A8B1-B19A89C29325}.Debug|Any CPU.ActiveCfg = Debug|Any CPU
		{90EFCA24-0FA9-4FAA-A8B1-B19A89C29325}.Debug|Any CPU.Build.0 = Debug|Any CPU
		{90EFCA24-0FA9-4FAA-A8B1-B19A89C29325}.Release|Any CPU.ActiveCfg = Release|Any CPU
		{90EFCA24-0FA9-4FAA-A8B1-B19A89C29325}.Release|Any CPU.Build.0 = Release|Any CPU
		{13BA615C-DBA0-48F3-B8C9-D52CC473675D}.Debug|Any CPU.ActiveCfg = Debug|Any CPU
		{13BA615C-DBA0-48F3-B8C9-D52CC473675D}.Debug|Any CPU.Build.0 = Debug|Any CPU
		{13BA615C-DBA0-48F3-B8C9-D52CC473675D}.Release|Any CPU.ActiveCfg = Release|Any CPU
		{13BA615C-DBA0-48F3-B8C9-D52CC473675D}.Release|Any CPU.Build.0 = Release|Any CPU
		{5B49A991-3D08-48A2-B30D-FE9F25334ADD}.Debug|Any CPU.ActiveCfg = Debug|Any CPU
		{5B49A991-3D08-48A2-B30D-FE9F25334ADD}.Debug|Any CPU.Build.0 = Debug|Any CPU
		{5B49A991-3D08-48A2-B30D-FE9F25334ADD}.Release|Any CPU.ActiveCfg = Release|Any CPU
		{5B49A991-3D08-48A2-B30D-FE9F25334ADD}.Release|Any CPU.Build.0 = Release|Any CPU
		{D86FB540-E507-4AFB-83EF-CDFC1B02B410}.Debug|Any CPU.ActiveCfg = Debug|Any CPU
		{D86FB540-E507-4AFB-83EF-CDFC1B02B410}.Debug|Any CPU.Build.0 = Debug|Any CPU
		{D86FB540-E507-4AFB-83EF-CDFC1B02B410}.Release|Any CPU.ActiveCfg = Release|Any CPU
		{D86FB540-E507-4AFB-83EF-CDFC1B02B410}.Release|Any CPU.Build.0 = Release|Any CPU
		{3DFE08B5-8269-42E8-AB33-02F3503AA09C}.Debug|Any CPU.ActiveCfg = Debug|Any CPU
		{3DFE08B5-8269-42E8-AB33-02F3503AA09C}.Debug|Any CPU.Build.0 = Debug|Any CPU
		{3DFE08B5-8269-42E8-AB33-02F3503AA09C}.Release|Any CPU.ActiveCfg = Release|Any CPU
		{3DFE08B5-8269-42E8-AB33-02F3503AA09C}.Release|Any CPU.Build.0 = Release|Any CPU
		{C3857949-353B-40A0-ACA1-A0D07B746A4E}.Debug|Any CPU.ActiveCfg = Debug|Any CPU
		{C3857949-353B-40A0-ACA1-A0D07B746A4E}.Debug|Any CPU.Build.0 = Debug|Any CPU
		{C3857949-353B-40A0-ACA1-A0D07B746A4E}.Release|Any CPU.ActiveCfg = Release|Any CPU
		{C3857949-353B-40A0-ACA1-A0D07B746A4E}.Release|Any CPU.Build.0 = Release|Any CPU
		{39AF7CBA-5C84-4A03-92A9-D4DE62EB2E7C}.Debug|Any CPU.ActiveCfg = Debug|Any CPU
		{39AF7CBA-5C84-4A03-92A9-D4DE62EB2E7C}.Debug|Any CPU.Build.0 = Debug|Any CPU
		{39AF7CBA-5C84-4A03-92A9-D4DE62EB2E7C}.Release|Any CPU.ActiveCfg = Release|Any CPU
		{39AF7CBA-5C84-4A03-92A9-D4DE62EB2E7C}.Release|Any CPU.Build.0 = Release|Any CPU
		{7ED6D47A-1762-4C85-B00D-D521C4E0C521}.Debug|Any CPU.ActiveCfg = Debug|Any CPU
		{7ED6D47A-1762-4C85-B00D-D521C4E0C521}.Debug|Any CPU.Build.0 = Debug|Any CPU
		{7ED6D47A-1762-4C85-B00D-D521C4E0C521}.Release|Any CPU.ActiveCfg = Release|Any CPU
		{7ED6D47A-1762-4C85-B00D-D521C4E0C521}.Release|Any CPU.Build.0 = Release|Any CPU
		{641B028B-8EB1-4053-8EF7-0B7EEF980A63}.Debug|Any CPU.ActiveCfg = Debug|Any CPU
		{641B028B-8EB1-4053-8EF7-0B7EEF980A63}.Debug|Any CPU.Build.0 = Debug|Any CPU
		{641B028B-8EB1-4053-8EF7-0B7EEF980A63}.Release|Any CPU.ActiveCfg = Release|Any CPU
		{641B028B-8EB1-4053-8EF7-0B7EEF980A63}.Release|Any CPU.Build.0 = Release|Any CPU
		{6D849B48-55E9-4F8A-855D-41D94C366EA8}.Debug|Any CPU.ActiveCfg = Debug|Any CPU
		{6D849B48-55E9-4F8A-855D-41D94C366EA8}.Debug|Any CPU.Build.0 = Debug|Any CPU
		{6D849B48-55E9-4F8A-855D-41D94C366EA8}.Release|Any CPU.ActiveCfg = Release|Any CPU
		{6D849B48-55E9-4F8A-855D-41D94C366EA8}.Release|Any CPU.Build.0 = Release|Any CPU
		{988DFC2F-F397-45BB-BD2A-606193755E3C}.Debug|Any CPU.ActiveCfg = Debug|Any CPU
		{988DFC2F-F397-45BB-BD2A-606193755E3C}.Debug|Any CPU.Build.0 = Debug|Any CPU
		{988DFC2F-F397-45BB-BD2A-606193755E3C}.Release|Any CPU.ActiveCfg = Release|Any CPU
		{988DFC2F-F397-45BB-BD2A-606193755E3C}.Release|Any CPU.Build.0 = Release|Any CPU
		{AAE53FF2-1B70-44E0-BCDB-1135C05E1E5B}.Debug|Any CPU.ActiveCfg = Debug|Any CPU
		{AAE53FF2-1B70-44E0-BCDB-1135C05E1E5B}.Debug|Any CPU.Build.0 = Debug|Any CPU
		{AAE53FF2-1B70-44E0-BCDB-1135C05E1E5B}.Release|Any CPU.ActiveCfg = Release|Any CPU
		{AAE53FF2-1B70-44E0-BCDB-1135C05E1E5B}.Release|Any CPU.Build.0 = Release|Any CPU
	EndGlobalSection
	GlobalSection(NestedProjects) = preSolution
		{9120A140-591D-434A-8091-7B5566730F48} = {5BB9AB1E-D335-4D4B-9E5F-DA250999DD19}
		{102AB68E-1BC3-4C53-981A-CF58C44BDA18} = {5BB9AB1E-D335-4D4B-9E5F-DA250999DD19}
		{B53DCC54-8EC7-42D8-B098-98E8A6EFC3C2} = {5BB9AB1E-D335-4D4B-9E5F-DA250999DD19}
		{ACE2FB49-8045-498D-BAE0-4CDBD8DD2071} = {5BB9AB1E-D335-4D4B-9E5F-DA250999DD19}
		{7C507489-8C31-4BE6-BAB3-94279064DF0B} = {5BB9AB1E-D335-4D4B-9E5F-DA250999DD19}
		{D5564003-7BE5-4FE9-BC4B-12961651CCAF} = {6C84EEC1-0E8D-4F49-A4BA-6B72F62E9F41}
		{3A0DEB04-6BE1-4FE5-8CD0-9181D12693D3} = {6C84EEC1-0E8D-4F49-A4BA-6B72F62E9F41}
		{B26076B7-F015-43B8-A939-6A2A34DA6B9F} = {6C84EEC1-0E8D-4F49-A4BA-6B72F62E9F41}
		{4633F064-071F-45E7-A9BC-C273CCE0FD36} = {6C84EEC1-0E8D-4F49-A4BA-6B72F62E9F41}
		{D9DACFAE-0F42-4183-BB7C-42DE44B0C401} = {6C84EEC1-0E8D-4F49-A4BA-6B72F62E9F41}
		{AA56ADEF-FBE5-4581-80A1-8EE7F2A4A22E} = {63859A8D-CE9A-488C-9B8C-6F39E3F551BC}
		{6319FC63-36B4-45D4-BEDA-488B32470480} = {63859A8D-CE9A-488C-9B8C-6F39E3F551BC}
		{90EFCA24-0FA9-4FAA-A8B1-B19A89C29325} = {63859A8D-CE9A-488C-9B8C-6F39E3F551BC}
		{13BA615C-DBA0-48F3-B8C9-D52CC473675D} = {63859A8D-CE9A-488C-9B8C-6F39E3F551BC}
		{5B49A991-3D08-48A2-B30D-FE9F25334ADD} = {63859A8D-CE9A-488C-9B8C-6F39E3F551BC}
		{3DFE08B5-8269-42E8-AB33-02F3503AA09C} = {D93A9135-4EE3-4592-9436-F84223F1B8FE}
		{C3857949-353B-40A0-ACA1-A0D07B746A4E} = {D93A9135-4EE3-4592-9436-F84223F1B8FE}
		{39AF7CBA-5C84-4A03-92A9-D4DE62EB2E7C} = {D93A9135-4EE3-4592-9436-F84223F1B8FE}
		{7ED6D47A-1762-4C85-B00D-D521C4E0C521} = {D93A9135-4EE3-4592-9436-F84223F1B8FE}
		{641B028B-8EB1-4053-8EF7-0B7EEF980A63} = {D93A9135-4EE3-4592-9436-F84223F1B8FE}
		{6D849B48-55E9-4F8A-855D-41D94C366EA8} = {FD45790D-B548-4A3E-8E86-54E030EF6D98}
		{988DFC2F-F397-45BB-BD2A-606193755E3C} = {C68F8E25-CD6F-47C6-8743-F9084738AD41}
	EndGlobalSection
EndGlobal
